
Microsoft Visual Studio Solution File, Format Version 12.00
# Visual Studio 15
VisualStudioVersion = 15.0.28307.1340
MinimumVisualStudioVersion = 10.0.40219.1
Project("{FAE04EC0-301F-11D3-BF4B-00C04F79EFBC}") = "JSystem", "JSystem\JSystem.csproj", "{85BE006E-57F7-4B87-ACFD-55CB3921CBA4}"
EndProject
Project("{2150E333-8FDC-42A3-9474-1A3956D46DE8}") = "SDK", "SDK", "{2EE7D8C5-B83D-45DC-BC68-C7972BC3F5B0}"
EndProject
Project("{FAE04EC0-301F-11D3-BF4B-00C04F79EFBC}") = "Camera3DSDK", "SDK\Camera3DSDK\Camera3DSDK.csproj", "{EE58EBCA-06AC-44D0-B0AC-C9808490894C}"
EndProject
Project("{2150E333-8FDC-42A3-9474-1A3956D46DE8}") = "SubSystem", "SubSystem", "{B18BF37C-ED5A-408A-BC97-8FC6F13470E0}"
EndProject
Project("{FAE04EC0-301F-11D3-BF4B-00C04F79EFBC}") = "BoardSys", "SubSystem\BoardSys\BoardSys.csproj", "{42200B29-9B8C-45D8-A895-32E26388576D}"
EndProject
Project("{FAE04EC0-301F-11D3-BF4B-00C04F79EFBC}") = "BoardSDK", "SDK\BoardSDK\BoardSDK.csproj", "{7AFB4524-59F0-4119-84EA-56D1FD009BFD}"
EndProject
Project("{FAE04EC0-301F-11D3-BF4B-00C04F79EFBC}") = "Camera2DSDK", "SDK\Camera2DSDK\Camera2DSDK.csproj", "{B2A423BA-57FF-4D15-9483-FA1047618A04}"
EndProject
Project("{2150E333-8FDC-42A3-9474-1A3956D46DE8}") = "Common", "Common", "{50D03730-33D6-4084-B05B-F9BEA0FB1C6F}"
EndProject
Project("{FAE04EC0-301F-11D3-BF4B-00C04F79EFBC}") = "Vision2D", "Common\Vision2D\Vision2D.csproj", "{EDF88C71-E677-42D4-B77B-E3B5BB6EBC9C}"
EndProject
Project("{FAE04EC0-301F-11D3-BF4B-00C04F79EFBC}") = "Vision3D", "Common\Vision3D\Vision3D.csproj", "{E09A050C-3E5E-4E30-A250-C9CEDABB5F60}"
EndProject
Project("{FAE04EC0-301F-11D3-BF4B-00C04F79EFBC}") = "Meas2D", "Common\Meas2D\Meas2D.csproj", "{846348D6-DD7F-4D82-9DFB-C60FE1E3081F}"
EndProject
Project("{FAE04EC0-301F-11D3-BF4B-00C04F79EFBC}") = "Meas3D", "Common\Meas3D\Meas3D.csproj", "{1D1B8186-EB1C-4E92-9C2E-F8F8BCB85ACC}"
EndProject
Project("{FAE04EC0-301F-11D3-BF4B-00C04F79EFBC}") = "MeasResult", "Common\MeasResult\MeasResult.csproj", "{7F332724-6B38-4528-9F4F-5D43AFD3829D}"
EndProject
Project("{FAE04EC0-301F-11D3-BF4B-00C04F79EFBC}") = "ProfileAlignment", "Common\ProfileAlignment\ProfileAlignment.csproj", "{35AF58C6-5C9D-49E2-9970-5B5E231D119B}"
EndProject
Project("{FAE04EC0-301F-11D3-BF4B-00C04F79EFBC}") = "AlgoLib", "Common\AlgoLib\AlgoLib.csproj", "{9188CD1C-87A1-4858-8282-843DFB9B1B33}"
EndProject
Global
	GlobalSection(SolutionConfigurationPlatforms) = preSolution
		Debug|Any CPU = Debug|Any CPU
		Debug|x64 = Debug|x64
		Debug|x86 = Debug|x86
		Release|Any CPU = Release|Any CPU
		Release|x64 = Release|x64
		Release|x86 = Release|x86
	EndGlobalSection
	GlobalSection(ProjectConfigurationPlatforms) = postSolution
		{85BE006E-57F7-4B87-ACFD-55CB3921CBA4}.Debug|Any CPU.ActiveCfg = Debug|Any CPU
		{85BE006E-57F7-4B87-ACFD-55CB3921CBA4}.Debug|Any CPU.Build.0 = Debug|Any CPU
		{85BE006E-57F7-4B87-ACFD-55CB3921CBA4}.Debug|x64.ActiveCfg = Debug|Any CPU
		{85BE006E-57F7-4B87-ACFD-55CB3921CBA4}.Debug|x64.Build.0 = Debug|Any CPU
		{85BE006E-57F7-4B87-ACFD-55CB3921CBA4}.Debug|x86.ActiveCfg = Debug|Any CPU
		{85BE006E-57F7-4B87-ACFD-55CB3921CBA4}.Debug|x86.Build.0 = Debug|Any CPU
		{85BE006E-57F7-4B87-ACFD-55CB3921CBA4}.Release|Any CPU.ActiveCfg = Release|Any CPU
		{85BE006E-57F7-4B87-ACFD-55CB3921CBA4}.Release|Any CPU.Build.0 = Release|Any CPU
		{85BE006E-57F7-4B87-ACFD-55CB3921CBA4}.Release|x64.ActiveCfg = Release|Any CPU
		{85BE006E-57F7-4B87-ACFD-55CB3921CBA4}.Release|x64.Build.0 = Release|Any CPU
		{85BE006E-57F7-4B87-ACFD-55CB3921CBA4}.Release|x86.ActiveCfg = Release|Any CPU
		{85BE006E-57F7-4B87-ACFD-55CB3921CBA4}.Release|x86.Build.0 = Release|Any CPU
		{EE58EBCA-06AC-44D0-B0AC-C9808490894C}.Debug|Any CPU.ActiveCfg = Debug|Any CPU
		{EE58EBCA-06AC-44D0-B0AC-C9808490894C}.Debug|Any CPU.Build.0 = Debug|Any CPU
		{EE58EBCA-06AC-44D0-B0AC-C9808490894C}.Debug|x64.ActiveCfg = Debug|Any CPU
		{EE58EBCA-06AC-44D0-B0AC-C9808490894C}.Debug|x64.Build.0 = Debug|Any CPU
		{EE58EBCA-06AC-44D0-B0AC-C9808490894C}.Debug|x86.ActiveCfg = Debug|Any CPU
		{EE58EBCA-06AC-44D0-B0AC-C9808490894C}.Debug|x86.Build.0 = Debug|Any CPU
		{EE58EBCA-06AC-44D0-B0AC-C9808490894C}.Release|Any CPU.ActiveCfg = Release|Any CPU
		{EE58EBCA-06AC-44D0-B0AC-C9808490894C}.Release|Any CPU.Build.0 = Release|Any CPU
		{EE58EBCA-06AC-44D0-B0AC-C9808490894C}.Release|x64.ActiveCfg = Release|Any CPU
		{EE58EBCA-06AC-44D0-B0AC-C9808490894C}.Release|x64.Build.0 = Release|Any CPU
		{EE58EBCA-06AC-44D0-B0AC-C9808490894C}.Release|x86.ActiveCfg = Release|Any CPU
		{EE58EBCA-06AC-44D0-B0AC-C9808490894C}.Release|x86.Build.0 = Release|Any CPU
		{42200B29-9B8C-45D8-A895-32E26388576D}.Debug|Any CPU.ActiveCfg = Debug|Any CPU
		{42200B29-9B8C-45D8-A895-32E26388576D}.Debug|Any CPU.Build.0 = Debug|Any CPU
		{42200B29-9B8C-45D8-A895-32E26388576D}.Debug|x64.ActiveCfg = Debug|Any CPU
		{42200B29-9B8C-45D8-A895-32E26388576D}.Debug|x64.Build.0 = Debug|Any CPU
		{42200B29-9B8C-45D8-A895-32E26388576D}.Debug|x86.ActiveCfg = Debug|Any CPU
		{42200B29-9B8C-45D8-A895-32E26388576D}.Debug|x86.Build.0 = Debug|Any CPU
		{42200B29-9B8C-45D8-A895-32E26388576D}.Release|Any CPU.ActiveCfg = Release|Any CPU
		{42200B29-9B8C-45D8-A895-32E26388576D}.Release|Any CPU.Build.0 = Release|Any CPU
		{42200B29-9B8C-45D8-A895-32E26388576D}.Release|x64.ActiveCfg = Release|Any CPU
		{42200B29-9B8C-45D8-A895-32E26388576D}.Release|x64.Build.0 = Release|Any CPU
		{42200B29-9B8C-45D8-A895-32E26388576D}.Release|x86.ActiveCfg = Release|Any CPU
		{42200B29-9B8C-45D8-A895-32E26388576D}.Release|x86.Build.0 = Release|Any CPU
		{7AFB4524-59F0-4119-84EA-56D1FD009BFD}.Debug|Any CPU.ActiveCfg = Debug|Any CPU
		{7AFB4524-59F0-4119-84EA-56D1FD009BFD}.Debug|Any CPU.Build.0 = Debug|Any CPU
		{7AFB4524-59F0-4119-84EA-56D1FD009BFD}.Debug|x64.ActiveCfg = Debug|Any CPU
		{7AFB4524-59F0-4119-84EA-56D1FD009BFD}.Debug|x64.Build.0 = Debug|Any CPU
		{7AFB4524-59F0-4119-84EA-56D1FD009BFD}.Debug|x86.ActiveCfg = Debug|Any CPU
		{7AFB4524-59F0-4119-84EA-56D1FD009BFD}.Debug|x86.Build.0 = Debug|Any CPU
		{7AFB4524-59F0-4119-84EA-56D1FD009BFD}.Release|Any CPU.ActiveCfg = Release|Any CPU
		{7AFB4524-59F0-4119-84EA-56D1FD009BFD}.Release|Any CPU.Build.0 = Release|Any CPU
		{7AFB4524-59F0-4119-84EA-56D1FD009BFD}.Release|x64.ActiveCfg = Release|Any CPU
		{7AFB4524-59F0-4119-84EA-56D1FD009BFD}.Release|x64.Build.0 = Release|Any CPU
		{7AFB4524-59F0-4119-84EA-56D1FD009BFD}.Release|x86.ActiveCfg = Release|Any CPU
		{7AFB4524-59F0-4119-84EA-56D1FD009BFD}.Release|x86.Build.0 = Release|Any CPU
		{B2A423BA-57FF-4D15-9483-FA1047618A04}.Debug|Any CPU.ActiveCfg = Debug|Any CPU
		{B2A423BA-57FF-4D15-9483-FA1047618A04}.Debug|Any CPU.Build.0 = Debug|Any CPU
		{B2A423BA-57FF-4D15-9483-FA1047618A04}.Debug|x64.ActiveCfg = Debug|Any CPU
		{B2A423BA-57FF-4D15-9483-FA1047618A04}.Debug|x64.Build.0 = Debug|Any CPU
		{B2A423BA-57FF-4D15-9483-FA1047618A04}.Debug|x86.ActiveCfg = Debug|Any CPU
		{B2A423BA-57FF-4D15-9483-FA1047618A04}.Debug|x86.Build.0 = Debug|Any CPU
		{B2A423BA-57FF-4D15-9483-FA1047618A04}.Release|Any CPU.ActiveCfg = Release|Any CPU
		{B2A423BA-57FF-4D15-9483-FA1047618A04}.Release|Any CPU.Build.0 = Release|Any CPU
		{B2A423BA-57FF-4D15-9483-FA1047618A04}.Release|x64.ActiveCfg = Release|Any CPU
		{B2A423BA-57FF-4D15-9483-FA1047618A04}.Release|x64.Build.0 = Release|Any CPU
		{B2A423BA-57FF-4D15-9483-FA1047618A04}.Release|x86.ActiveCfg = Release|Any CPU
		{B2A423BA-57FF-4D15-9483-FA1047618A04}.Release|x86.Build.0 = Release|Any CPU
		{EDF88C71-E677-42D4-B77B-E3B5BB6EBC9C}.Debug|Any CPU.ActiveCfg = Debug|Any CPU
		{EDF88C71-E677-42D4-B77B-E3B5BB6EBC9C}.Debug|Any CPU.Build.0 = Debug|Any CPU
		{EDF88C71-E677-42D4-B77B-E3B5BB6EBC9C}.Debug|x64.ActiveCfg = Debug|Any CPU
		{EDF88C71-E677-42D4-B77B-E3B5BB6EBC9C}.Debug|x64.Build.0 = Debug|Any CPU
		{EDF88C71-E677-42D4-B77B-E3B5BB6EBC9C}.Debug|x86.ActiveCfg = Debug|Any CPU
		{EDF88C71-E677-42D4-B77B-E3B5BB6EBC9C}.Debug|x86.Build.0 = Debug|Any CPU
		{EDF88C71-E677-42D4-B77B-E3B5BB6EBC9C}.Release|Any CPU.ActiveCfg = Release|Any CPU
		{EDF88C71-E677-42D4-B77B-E3B5BB6EBC9C}.Release|Any CPU.Build.0 = Release|Any CPU
		{EDF88C71-E677-42D4-B77B-E3B5BB6EBC9C}.Release|x64.ActiveCfg = Release|Any CPU
		{EDF88C71-E677-42D4-B77B-E3B5BB6EBC9C}.Release|x64.Build.0 = Release|Any CPU
		{EDF88C71-E677-42D4-B77B-E3B5BB6EBC9C}.Release|x86.ActiveCfg = Release|Any CPU
		{EDF88C71-E677-42D4-B77B-E3B5BB6EBC9C}.Release|x86.Build.0 = Release|Any CPU
		{E09A050C-3E5E-4E30-A250-C9CEDABB5F60}.Debug|Any CPU.ActiveCfg = Debug|Any CPU
		{E09A050C-3E5E-4E30-A250-C9CEDABB5F60}.Debug|Any CPU.Build.0 = Debug|Any CPU
		{E09A050C-3E5E-4E30-A250-C9CEDABB5F60}.Debug|x64.ActiveCfg = Debug|x64
		{E09A050C-3E5E-4E30-A250-C9CEDABB5F60}.Debug|x64.Build.0 = Debug|x64
		{E09A050C-3E5E-4E30-A250-C9CEDABB5F60}.Debug|x86.ActiveCfg = Debug|Any CPU
		{E09A050C-3E5E-4E30-A250-C9CEDABB5F60}.Debug|x86.Build.0 = Debug|Any CPU
		{E09A050C-3E5E-4E30-A250-C9CEDABB5F60}.Release|Any CPU.ActiveCfg = Release|Any CPU
		{E09A050C-3E5E-4E30-A250-C9CEDABB5F60}.Release|Any CPU.Build.0 = Release|Any CPU
		{E09A050C-3E5E-4E30-A250-C9CEDABB5F60}.Release|x64.ActiveCfg = Release|x64
		{E09A050C-3E5E-4E30-A250-C9CEDABB5F60}.Release|x64.Build.0 = Release|x64
		{E09A050C-3E5E-4E30-A250-C9CEDABB5F60}.Release|x86.ActiveCfg = Release|Any CPU
		{E09A050C-3E5E-4E30-A250-C9CEDABB5F60}.Release|x86.Build.0 = Release|Any CPU
		{846348D6-DD7F-4D82-9DFB-C60FE1E3081F}.Debug|Any CPU.ActiveCfg = Debug|Any CPU
		{846348D6-DD7F-4D82-9DFB-C60FE1E3081F}.Debug|Any CPU.Build.0 = Debug|Any CPU
		{846348D6-DD7F-4D82-9DFB-C60FE1E3081F}.Debug|x64.ActiveCfg = Debug|Any CPU
		{846348D6-DD7F-4D82-9DFB-C60FE1E3081F}.Debug|x64.Build.0 = Debug|Any CPU
		{846348D6-DD7F-4D82-9DFB-C60FE1E3081F}.Debug|x86.ActiveCfg = Debug|Any CPU
		{846348D6-DD7F-4D82-9DFB-C60FE1E3081F}.Debug|x86.Build.0 = Debug|Any CPU
		{846348D6-DD7F-4D82-9DFB-C60FE1E3081F}.Release|Any CPU.ActiveCfg = Release|Any CPU
		{846348D6-DD7F-4D82-9DFB-C60FE1E3081F}.Release|Any CPU.Build.0 = Release|Any CPU
		{846348D6-DD7F-4D82-9DFB-C60FE1E3081F}.Release|x64.ActiveCfg = Release|Any CPU
		{846348D6-DD7F-4D82-9DFB-C60FE1E3081F}.Release|x64.Build.0 = Release|Any CPU
		{846348D6-DD7F-4D82-9DFB-C60FE1E3081F}.Release|x86.ActiveCfg = Release|Any CPU
		{846348D6-DD7F-4D82-9DFB-C60FE1E3081F}.Release|x86.Build.0 = Release|Any CPU
		{1D1B8186-EB1C-4E92-9C2E-F8F8BCB85ACC}.Debug|Any CPU.ActiveCfg = Debug|Any CPU
		{1D1B8186-EB1C-4E92-9C2E-F8F8BCB85ACC}.Debug|Any CPU.Build.0 = Debug|Any CPU
		{1D1B8186-EB1C-4E92-9C2E-F8F8BCB85ACC}.Debug|x64.ActiveCfg = Debug|Any CPU
		{1D1B8186-EB1C-4E92-9C2E-F8F8BCB85ACC}.Debug|x64.Build.0 = Debug|Any CPU
		{1D1B8186-EB1C-4E92-9C2E-F8F8BCB85ACC}.Debug|x86.ActiveCfg = Debug|Any CPU
		{1D1B8186-EB1C-4E92-9C2E-F8F8BCB85ACC}.Debug|x86.Build.0 = Debug|Any CPU
		{1D1B8186-EB1C-4E92-9C2E-F8F8BCB85ACC}.Release|Any CPU.ActiveCfg = Release|Any CPU
		{1D1B8186-EB1C-4E92-9C2E-F8F8BCB85ACC}.Release|Any CPU.Build.0 = Release|Any CPU
		{1D1B8186-EB1C-4E92-9C2E-F8F8BCB85ACC}.Release|x64.ActiveCfg = Release|Any CPU
		{1D1B8186-EB1C-4E92-9C2E-F8F8BCB85ACC}.Release|x64.Build.0 = Release|Any CPU
		{1D1B8186-EB1C-4E92-9C2E-F8F8BCB85ACC}.Release|x86.ActiveCfg = Release|Any CPU
		{1D1B8186-EB1C-4E92-9C2E-F8F8BCB85ACC}.Release|x86.Build.0 = Release|Any CPU
		{7F332724-6B38-4528-9F4F-5D43AFD3829D}.Debug|Any CPU.ActiveCfg = Debug|Any CPU
		{7F332724-6B38-4528-9F4F-5D43AFD3829D}.Debug|Any CPU.Build.0 = Debug|Any CPU
		{7F332724-6B38-4528-9F4F-5D43AFD3829D}.Debug|x64.ActiveCfg = Debug|Any CPU
		{7F332724-6B38-4528-9F4F-5D43AFD3829D}.Debug|x64.Build.0 = Debug|Any CPU
		{7F332724-6B38-4528-9F4F-5D43AFD3829D}.Debug|x86.ActiveCfg = Debug|Any CPU
		{7F332724-6B38-4528-9F4F-5D43AFD3829D}.Debug|x86.Build.0 = Debug|Any CPU
		{7F332724-6B38-4528-9F4F-5D43AFD3829D}.Release|Any CPU.ActiveCfg = Release|Any CPU
		{7F332724-6B38-4528-9F4F-5D43AFD3829D}.Release|Any CPU.Build.0 = Release|Any CPU
		{7F332724-6B38-4528-9F4F-5D43AFD3829D}.Release|x64.ActiveCfg = Release|Any CPU
		{7F332724-6B38-4528-9F4F-5D43AFD3829D}.Release|x64.Build.0 = Release|Any CPU
		{7F332724-6B38-4528-9F4F-5D43AFD3829D}.Release|x86.ActiveCfg = Release|Any CPU
		{7F332724-6B38-4528-9F4F-5D43AFD3829D}.Release|x86.Build.0 = Release|Any CPU
		{35AF58C6-5C9D-49E2-9970-5B5E231D119B}.Debug|Any CPU.ActiveCfg = Debug|Any CPU
		{35AF58C6-5C9D-49E2-9970-5B5E231D119B}.Debug|Any CPU.Build.0 = Debug|Any CPU
		{35AF58C6-5C9D-49E2-9970-5B5E231D119B}.Debug|x64.ActiveCfg = Debug|Any CPU
		{35AF58C6-5C9D-49E2-9970-5B5E231D119B}.Debug|x64.Build.0 = Debug|Any CPU
		{35AF58C6-5C9D-49E2-9970-5B5E231D119B}.Debug|x86.ActiveCfg = Debug|Any CPU
		{35AF58C6-5C9D-49E2-9970-5B5E231D119B}.Debug|x86.Build.0 = Debug|Any CPU
		{35AF58C6-5C9D-49E2-9970-5B5E231D119B}.Release|Any CPU.ActiveCfg = Release|Any CPU
		{35AF58C6-5C9D-49E2-9970-5B5E231D119B}.Release|Any CPU.Build.0 = Release|Any CPU
		{35AF58C6-5C9D-49E2-9970-5B5E231D119B}.Release|x64.ActiveCfg = Release|Any CPU
		{35AF58C6-5C9D-49E2-9970-5B5E231D119B}.Release|x64.Build.0 = Release|Any CPU
		{35AF58C6-5C9D-49E2-9970-5B5E231D119B}.Release|x86.ActiveCfg = Release|Any CPU
		{35AF58C6-5C9D-49E2-9970-5B5E231D119B}.Release|x86.Build.0 = Release|Any CPU
		{9188CD1C-87A1-4858-8282-843DFB9B1B33}.Debug|Any CPU.ActiveCfg = Debug|Any CPU
		{9188CD1C-87A1-4858-8282-843DFB9B1B33}.Debug|Any CPU.Build.0 = Debug|Any CPU
		{9188CD1C-87A1-4858-8282-843DFB9B1B33}.Debug|x64.ActiveCfg = Debug|Any CPU
		{9188CD1C-87A1-4858-8282-843DFB9B1B33}.Debug|x64.Build.0 = Debug|Any CPU
		{9188CD1C-87A1-4858-8282-843DFB9B1B33}.Debug|x86.ActiveCfg = Debug|Any CPU
		{9188CD1C-87A1-4858-8282-843DFB9B1B33}.Debug|x86.Build.0 = Debug|Any CPU
		{9188CD1C-87A1-4858-8282-843DFB9B1B33}.Release|Any CPU.ActiveCfg = Release|Any CPU
		{9188CD1C-87A1-4858-8282-843DFB9B1B33}.Release|Any CPU.Build.0 = Release|Any CPU
		{9188CD1C-87A1-4858-8282-843DFB9B1B33}.Release|x64.ActiveCfg = Release|Any CPU
		{9188CD1C-87A1-4858-8282-843DFB9B1B33}.Release|x64.Build.0 = Release|Any CPU
		{9188CD1C-87A1-4858-8282-843DFB9B1B33}.Release|x86.ActiveCfg = Release|Any CPU
		{9188CD1C-87A1-4858-8282-843DFB9B1B33}.Release|x86.Build.0 = Release|Any CPU
	EndGlobalSection
	GlobalSection(SolutionProperties) = preSolution
		HideSolutionNode = FALSE
	EndGlobalSection
	GlobalSection(NestedProjects) = preSolution
		{EE58EBCA-06AC-44D0-B0AC-C9808490894C} = {2EE7D8C5-B83D-45DC-BC68-C7972BC3F5B0}
		{42200B29-9B8C-45D8-A895-32E26388576D} = {B18BF37C-ED5A-408A-BC97-8FC6F13470E0}
		{7AFB4524-59F0-4119-84EA-56D1FD009BFD} = {2EE7D8C5-B83D-45DC-BC68-C7972BC3F5B0}
		{B2A423BA-57FF-4D15-9483-FA1047618A04} = {2EE7D8C5-B83D-45DC-BC68-C7972BC3F5B0}
		{EDF88C71-E677-42D4-B77B-E3B5BB6EBC9C} = {50D03730-33D6-4084-B05B-F9BEA0FB1C6F}
		{E09A050C-3E5E-4E30-A250-C9CEDABB5F60} = {50D03730-33D6-4084-B05B-F9BEA0FB1C6F}
		{846348D6-DD7F-4D82-9DFB-C60FE1E3081F} = {50D03730-33D6-4084-B05B-F9BEA0FB1C6F}
		{1D1B8186-EB1C-4E92-9C2E-F8F8BCB85ACC} = {50D03730-33D6-4084-B05B-F9BEA0FB1C6F}
		{7F332724-6B38-4528-9F4F-5D43AFD3829D} = {50D03730-33D6-4084-B05B-F9BEA0FB1C6F}
		{35AF58C6-5C9D-49E2-9970-5B5E231D119B} = {50D03730-33D6-4084-B05B-F9BEA0FB1C6F}
		{9188CD1C-87A1-4858-8282-843DFB9B1B33} = {50D03730-33D6-4084-B05B-F9BEA0FB1C6F}
	EndGlobalSection
	GlobalSection(ExtensibilityGlobals) = postSolution
		SolutionGuid = {F22A195B-BAAF-40F8-BAE9-CDE0208F5E51}
	EndGlobalSection
EndGlobal
